// !$*UTF8*$!
{
	archiveVersion = 1;
	classes = {
	};
	objectVersion = 46;
	objects = {

/* Begin PBXBuildFile section */
		28FCE3E51E92B22A00212B82 /* AppDelegate.swift in Sources */ = {isa = PBXBuildFile; fileRef = 28FCE3E41E92B22A00212B82 /* AppDelegate.swift */; };
		28FCE3EA1E92B22A00212B82 /* Main.storyboard in Resources */ = {isa = PBXBuildFile; fileRef = 28FCE3E81E92B22A00212B82 /* Main.storyboard */; };
		28FCE3EC1E92B22A00212B82 /* Assets.xcassets in Resources */ = {isa = PBXBuildFile; fileRef = 28FCE3EB1E92B22A00212B82 /* Assets.xcassets */; };
		28FCE3EF1E92B22A00212B82 /* LaunchScreen.storyboard in Resources */ = {isa = PBXBuildFile; fileRef = 28FCE3ED1E92B22A00212B82 /* LaunchScreen.storyboard */; };
		28FCE4131E92C95200212B82 /* GitHub.swift in Sources */ = {isa = PBXBuildFile; fileRef = 28FCE4121E92C95200212B82 /* GitHub.swift */; };
		28FCE4151E92CE6E00212B82 /* GitHubAuthController.swift in Sources */ = {isa = PBXBuildFile; fileRef = 28FCE4141E92CE6E00212B82 /* GitHubAuthController.swift */; };
		28FCE4171E92EC2B00212B82 /* FoundationExtensions.swift in Sources */ = {isa = PBXBuildFile; fileRef = 28FCE4161E92EC2B00212B82 /* FoundationExtensions.swift */; };
		28FCE4191E93370C00212B82 /* Keys.swift in Sources */ = {isa = PBXBuildFile; fileRef = 28FCE4181E93370C00212B82 /* Keys.swift */; };
		28FCE4B01E940C0A00212B82 /* RepoViewController.swift in Sources */ = {isa = PBXBuildFile; fileRef = 28FCE4AF1E940C0A00212B82 /* RepoViewController.swift */; };
		28FCE4B21E940D6100212B82 /* UIExtensions.swift in Sources */ = {isa = PBXBuildFile; fileRef = 28FCE4B11E940D6100212B82 /* UIExtensions.swift */; };
		28FCE4B41E94195800212B82 /* Repository.swift in Sources */ = {isa = PBXBuildFile; fileRef = 28FCE4B31E94195800212B82 /* Repository.swift */; };
		28FCE4B61E956E8A00212B82 /* RepoDetailViewController.swift in Sources */ = {isa = PBXBuildFile; fileRef = 28FCE4B51E956E8A00212B82 /* RepoDetailViewController.swift */; };
		28FCE4B81E95707000212B82 /* CustomTransition.swift in Sources */ = {isa = PBXBuildFile; fileRef = 28FCE4B71E95707000212B82 /* CustomTransition.swift */; };
		28FCE4BB1E959B2F00212B82 /* RepositoryCell.swift in Sources */ = {isa = PBXBuildFile; fileRef = 28FCE4B91E959B2F00212B82 /* RepositoryCell.swift */; };
		28FCE4BC1E959B2F00212B82 /* RepositoryCell.xib in Resources */ = {isa = PBXBuildFile; fileRef = 28FCE4BA1E959B2F00212B82 /* RepositoryCell.xib */; };
/* End PBXBuildFile section */

/* Begin PBXContainerItemProxy section */
		28FCE3F61E92B22A00212B82 /* PBXContainerItemProxy */ = {
			isa = PBXContainerItemProxy;
			containerPortal = 28FCE3D91E92B22A00212B82 /* Project object */;
			proxyType = 1;
			remoteGlobalIDString = 28FCE3E01E92B22A00212B82;
			remoteInfo = get_git;
		};
		28FCE4011E92B22A00212B82 /* PBXContainerItemProxy */ = {
			isa = PBXContainerItemProxy;
			containerPortal = 28FCE3D91E92B22A00212B82 /* Project object */;
			proxyType = 1;
			remoteGlobalIDString = 28FCE3E01E92B22A00212B82;
			remoteInfo = get_git;
		};
/* End PBXContainerItemProxy section */

/* Begin PBXFileReference section */
		28FCE3E11E92B22A00212B82 /* get_git.app */ = {isa = PBXFileReference; explicitFileType = wrapper.application; includeInIndex = 0; path = get_git.app; sourceTree = BUILT_PRODUCTS_DIR; };
		28FCE3E41E92B22A00212B82 /* AppDelegate.swift */ = {isa = PBXFileReference; lastKnownFileType = sourcecode.swift; path = AppDelegate.swift; sourceTree = "<group>"; };
		28FCE3E91E92B22A00212B82 /* Base */ = {isa = PBXFileReference; lastKnownFileType = file.storyboard; name = Base; path = Base.lproj/Main.storyboard; sourceTree = "<group>"; };
		28FCE3EB1E92B22A00212B82 /* Assets.xcassets */ = {isa = PBXFileReference; lastKnownFileType = folder.assetcatalog; path = Assets.xcassets; sourceTree = "<group>"; };
		28FCE3EE1E92B22A00212B82 /* Base */ = {isa = PBXFileReference; lastKnownFileType = file.storyboard; name = Base; path = Base.lproj/LaunchScreen.storyboard; sourceTree = "<group>"; };
		28FCE3F01E92B22A00212B82 /* Info.plist */ = {isa = PBXFileReference; lastKnownFileType = text.plist.xml; path = Info.plist; sourceTree = "<group>"; };
		28FCE3F51E92B22A00212B82 /* get_gitTests.xctest */ = {isa = PBXFileReference; explicitFileType = wrapper.cfbundle; includeInIndex = 0; path = get_gitTests.xctest; sourceTree = BUILT_PRODUCTS_DIR; };
		28FCE4001E92B22A00212B82 /* get_gitUITests.xctest */ = {isa = PBXFileReference; explicitFileType = wrapper.cfbundle; includeInIndex = 0; path = get_gitUITests.xctest; sourceTree = BUILT_PRODUCTS_DIR; };
		28FCE4121E92C95200212B82 /* GitHub.swift */ = {isa = PBXFileReference; fileEncoding = 4; lastKnownFileType = sourcecode.swift; path = GitHub.swift; sourceTree = "<group>"; };
		28FCE4141E92CE6E00212B82 /* GitHubAuthController.swift */ = {isa = PBXFileReference; fileEncoding = 4; lastKnownFileType = sourcecode.swift; path = GitHubAuthController.swift; sourceTree = "<group>"; };
		28FCE4161E92EC2B00212B82 /* FoundationExtensions.swift */ = {isa = PBXFileReference; fileEncoding = 4; lastKnownFileType = sourcecode.swift; path = FoundationExtensions.swift; sourceTree = "<group>"; };
		28FCE4181E93370C00212B82 /* Keys.swift */ = {isa = PBXFileReference; fileEncoding = 4; lastKnownFileType = sourcecode.swift; path = Keys.swift; sourceTree = "<group>"; };
		28FCE4AF1E940C0A00212B82 /* RepoViewController.swift */ = {isa = PBXFileReference; fileEncoding = 4; lastKnownFileType = sourcecode.swift; path = RepoViewController.swift; sourceTree = "<group>"; };
		28FCE4B11E940D6100212B82 /* UIExtensions.swift */ = {isa = PBXFileReference; fileEncoding = 4; lastKnownFileType = sourcecode.swift; path = UIExtensions.swift; sourceTree = "<group>"; };
		28FCE4B31E94195800212B82 /* Repository.swift */ = {isa = PBXFileReference; fileEncoding = 4; lastKnownFileType = sourcecode.swift; path = Repository.swift; sourceTree = "<group>"; };
		28FCE4B51E956E8A00212B82 /* RepoDetailViewController.swift */ = {isa = PBXFileReference; fileEncoding = 4; lastKnownFileType = sourcecode.swift; path = RepoDetailViewController.swift; sourceTree = "<group>"; };
		28FCE4B71E95707000212B82 /* CustomTransition.swift */ = {isa = PBXFileReference; fileEncoding = 4; lastKnownFileType = sourcecode.swift; path = CustomTransition.swift; sourceTree = "<group>"; };
		28FCE4B91E959B2F00212B82 /* RepositoryCell.swift */ = {isa = PBXFileReference; fileEncoding = 4; lastKnownFileType = sourcecode.swift; path = RepositoryCell.swift; sourceTree = "<group>"; };
		28FCE4BA1E959B2F00212B82 /* RepositoryCell.xib */ = {isa = PBXFileReference; fileEncoding = 4; lastKnownFileType = file.xib; path = RepositoryCell.xib; sourceTree = "<group>"; };
/* End PBXFileReference section */

/* Begin PBXFrameworksBuildPhase section */
		28FCE3DE1E92B22A00212B82 /* Frameworks */ = {
			isa = PBXFrameworksBuildPhase;
			buildActionMask = 2147483647;
			files = (
			);
			runOnlyForDeploymentPostprocessing = 0;
		};
		28FCE3F21E92B22A00212B82 /* Frameworks */ = {
			isa = PBXFrameworksBuildPhase;
			buildActionMask = 2147483647;
			files = (
			);
			runOnlyForDeploymentPostprocessing = 0;
		};
		28FCE3FD1E92B22A00212B82 /* Frameworks */ = {
			isa = PBXFrameworksBuildPhase;
			buildActionMask = 2147483647;
			files = (
			);
			runOnlyForDeploymentPostprocessing = 0;
		};
/* End PBXFrameworksBuildPhase section */

/* Begin PBXGroup section */
		28FCE3D81E92B22A00212B82 = {
			isa = PBXGroup;
			children = (
				28FCE3E31E92B22A00212B82 /* get_git */,
				28FCE3E21E92B22A00212B82 /* Products */,
			);
			sourceTree = "<group>";
		};
		28FCE3E21E92B22A00212B82 /* Products */ = {
			isa = PBXGroup;
			children = (
				28FCE3E11E92B22A00212B82 /* get_git.app */,
				28FCE3F51E92B22A00212B82 /* get_gitTests.xctest */,
				28FCE4001E92B22A00212B82 /* get_gitUITests.xctest */,
			);
			name = Products;
			sourceTree = "<group>";
		};
		28FCE3E31E92B22A00212B82 /* get_git */ = {
			isa = PBXGroup;
			children = (
				28FCE4AD1E9400B300212B82 /* Controller */,
				28FCE4AC1E9400A400212B82 /* Model */,
				28FCE4AE1E9400C500212B82 /* View */,
				28FCE3EB1E92B22A00212B82 /* Assets.xcassets */,
				28FCE3F01E92B22A00212B82 /* Info.plist */,
			);
			path = get_git;
			sourceTree = "<group>";
		};
		28FCE4AC1E9400A400212B82 /* Model */ = {
			isa = PBXGroup;
			children = (
				28FCE4B31E94195800212B82 /* Repository.swift */,
				28FCE4B11E940D6100212B82 /* UIExtensions.swift */,
				28FCE3E41E92B22A00212B82 /* AppDelegate.swift */,
				28FCE4181E93370C00212B82 /* Keys.swift */,
				28FCE4121E92C95200212B82 /* GitHub.swift */,
			);
			name = Model;
			sourceTree = "<group>";
		};
		28FCE4AD1E9400B300212B82 /* Controller */ = {
			isa = PBXGroup;
			children = (
				28FCE4B71E95707000212B82 /* CustomTransition.swift */,
				28FCE4B51E956E8A00212B82 /* RepoDetailViewController.swift */,
				28FCE4AF1E940C0A00212B82 /* RepoViewController.swift */,
				28FCE4141E92CE6E00212B82 /* GitHubAuthController.swift */,
				28FCE4161E92EC2B00212B82 /* FoundationExtensions.swift */,
			);
			name = Controller;
			sourceTree = "<group>";
		};
		28FCE4AE1E9400C500212B82 /* View */ = {
			isa = PBXGroup;
			children = (
				28FCE4B91E959B2F00212B82 /* RepositoryCell.swift */,
				28FCE4BA1E959B2F00212B82 /* RepositoryCell.xib */,
				28FCE3E81E92B22A00212B82 /* Main.storyboard */,
				28FCE3ED1E92B22A00212B82 /* LaunchScreen.storyboard */,
			);
			name = View;
			sourceTree = "<group>";
		};
/* End PBXGroup section */

/* Begin PBXNativeTarget section */
		28FCE3E01E92B22A00212B82 /* get_git */ = {
			isa = PBXNativeTarget;
			buildConfigurationList = 28FCE4091E92B22A00212B82 /* Build configuration list for PBXNativeTarget "get_git" */;
			buildPhases = (
				28FCE3DD1E92B22A00212B82 /* Sources */,
				28FCE3DE1E92B22A00212B82 /* Frameworks */,
				28FCE3DF1E92B22A00212B82 /* Resources */,
			);
			buildRules = (
			);
			dependencies = (
			);
			name = get_git;
			productName = get_git;
			productReference = 28FCE3E11E92B22A00212B82 /* get_git.app */;
			productType = "com.apple.product-type.application";
		};
		28FCE3F41E92B22A00212B82 /* get_gitTests */ = {
			isa = PBXNativeTarget;
			buildConfigurationList = 28FCE40C1E92B22A00212B82 /* Build configuration list for PBXNativeTarget "get_gitTests" */;
			buildPhases = (
				28FCE3F11E92B22A00212B82 /* Sources */,
				28FCE3F21E92B22A00212B82 /* Frameworks */,
				28FCE3F31E92B22A00212B82 /* Resources */,
			);
			buildRules = (
			);
			dependencies = (
				28FCE3F71E92B22A00212B82 /* PBXTargetDependency */,
			);
			name = get_gitTests;
			productName = get_gitTests;
			productReference = 28FCE3F51E92B22A00212B82 /* get_gitTests.xctest */;
			productType = "com.apple.product-type.bundle.unit-test";
		};
		28FCE3FF1E92B22A00212B82 /* get_gitUITests */ = {
			isa = PBXNativeTarget;
			buildConfigurationList = 28FCE40F1E92B22A00212B82 /* Build configuration list for PBXNativeTarget "get_gitUITests" */;
			buildPhases = (
				28FCE3FC1E92B22A00212B82 /* Sources */,
				28FCE3FD1E92B22A00212B82 /* Frameworks */,
				28FCE3FE1E92B22A00212B82 /* Resources */,
			);
			buildRules = (
			);
			dependencies = (
				28FCE4021E92B22A00212B82 /* PBXTargetDependency */,
			);
			name = get_gitUITests;
			productName = get_gitUITests;
			productReference = 28FCE4001E92B22A00212B82 /* get_gitUITests.xctest */;
			productType = "com.apple.product-type.bundle.ui-testing";
		};
/* End PBXNativeTarget section */

/* Begin PBXProject section */
		28FCE3D91E92B22A00212B82 /* Project object */ = {
			isa = PBXProject;
			attributes = {
				LastSwiftUpdateCheck = 0830;
				LastUpgradeCheck = 0830;
				ORGANIZATIONNAME = "Jay Balderas";
				TargetAttributes = {
					28FCE3E01E92B22A00212B82 = {
						CreatedOnToolsVersion = 8.3;
						DevelopmentTeam = 5EB567WJ73;
						ProvisioningStyle = Automatic;
					};
					28FCE3F41E92B22A00212B82 = {
						CreatedOnToolsVersion = 8.3;
						DevelopmentTeam = 5EB567WJ73;
						ProvisioningStyle = Automatic;
						TestTargetID = 28FCE3E01E92B22A00212B82;
					};
					28FCE3FF1E92B22A00212B82 = {
						CreatedOnToolsVersion = 8.3;
						DevelopmentTeam = 5EB567WJ73;
						ProvisioningStyle = Automatic;
						TestTargetID = 28FCE3E01E92B22A00212B82;
					};
				};
			};
			buildConfigurationList = 28FCE3DC1E92B22A00212B82 /* Build configuration list for PBXProject "get_git" */;
			compatibilityVersion = "Xcode 3.2";
			developmentRegion = English;
			hasScannedForEncodings = 0;
			knownRegions = (
				en,
				Base,
			);
			mainGroup = 28FCE3D81E92B22A00212B82;
			productRefGroup = 28FCE3E21E92B22A00212B82 /* Products */;
			projectDirPath = "";
			projectRoot = "";
			targets = (
				28FCE3E01E92B22A00212B82 /* get_git */,
				28FCE3F41E92B22A00212B82 /* get_gitTests */,
				28FCE3FF1E92B22A00212B82 /* get_gitUITests */,
			);
		};
/* End PBXProject section */

/* Begin PBXResourcesBuildPhase section */
		28FCE3DF1E92B22A00212B82 /* Resources */ = {
			isa = PBXResourcesBuildPhase;
			buildActionMask = 2147483647;
			files = (
				28FCE3EF1E92B22A00212B82 /* LaunchScreen.storyboard in Resources */,
				28FCE3EC1E92B22A00212B82 /* Assets.xcassets in Resources */,
				28FCE3EA1E92B22A00212B82 /* Main.storyboard in Resources */,
				28FCE4BC1E959B2F00212B82 /* RepositoryCell.xib in Resources */,
			);
			runOnlyForDeploymentPostprocessing = 0;
		};
		28FCE3F31E92B22A00212B82 /* Resources */ = {
			isa = PBXResourcesBuildPhase;
			buildActionMask = 2147483647;
			files = (
			);
			runOnlyForDeploymentPostprocessing = 0;
		};
		28FCE3FE1E92B22A00212B82 /* Resources */ = {
			isa = PBXResourcesBuildPhase;
			buildActionMask = 2147483647;
			files = (
			);
			runOnlyForDeploymentPostprocessing = 0;
		};
/* End PBXResourcesBuildPhase section */

/* Begin PBXSourcesBuildPhase section */
		28FCE3DD1E92B22A00212B82 /* Sources */ = {
			isa = PBXSourcesBuildPhase;
			buildActionMask = 2147483647;
			files = (
				28FCE4171E92EC2B00212B82 /* FoundationExtensions.swift in Sources */,
				28FCE4B21E940D6100212B82 /* UIExtensions.swift in Sources */,
				28FCE4131E92C95200212B82 /* GitHub.swift in Sources */,
				28FCE4B41E94195800212B82 /* Repository.swift in Sources */,
				28FCE4B01E940C0A00212B82 /* RepoViewController.swift in Sources */,
				28FCE4151E92CE6E00212B82 /* GitHubAuthController.swift in Sources */,
				28FCE4BB1E959B2F00212B82 /* RepositoryCell.swift in Sources */,
				28FCE3E51E92B22A00212B82 /* AppDelegate.swift in Sources */,
				28FCE4B81E95707000212B82 /* CustomTransition.swift in Sources */,
				28FCE4191E93370C00212B82 /* Keys.swift in Sources */,
				28FCE4B61E956E8A00212B82 /* RepoDetailViewController.swift in Sources */,
			);
			runOnlyForDeploymentPostprocessing = 0;
		};
		28FCE3F11E92B22A00212B82 /* Sources */ = {
			isa = PBXSourcesBuildPhase;
			buildActionMask = 2147483647;
			files = (
			);
			runOnlyForDeploymentPostprocessing = 0;
		};
		28FCE3FC1E92B22A00212B82 /* Sources */ = {
			isa = PBXSourcesBuildPhase;
			buildActionMask = 2147483647;
			files = (
			);
			runOnlyForDeploymentPostprocessing = 0;
		};
/* End PBXSourcesBuildPhase section */

/* Begin PBXTargetDependency section */
		28FCE3F71E92B22A00212B82 /* PBXTargetDependency */ = {
			isa = PBXTargetDependency;
			target = 28FCE3E01E92B22A00212B82 /* get_git */;
			targetProxy = 28FCE3F61E92B22A00212B82 /* PBXContainerItemProxy */;
		};
		28FCE4021E92B22A00212B82 /* PBXTargetDependency */ = {
			isa = PBXTargetDependency;
			target = 28FCE3E01E92B22A00212B82 /* get_git */;
			targetProxy = 28FCE4011E92B22A00212B82 /* PBXContainerItemProxy */;
		};
/* End PBXTargetDependency section */

/* Begin PBXVariantGroup section */
		28FCE3E81E92B22A00212B82 /* Main.storyboard */ = {
			isa = PBXVariantGroup;
			children = (
				28FCE3E91E92B22A00212B82 /* Base */,
			);
			name = Main.storyboard;
			sourceTree = "<group>";
		};
		28FCE3ED1E92B22A00212B82 /* LaunchScreen.storyboard */ = {
			isa = PBXVariantGroup;
			children = (
				28FCE3EE1E92B22A00212B82 /* Base */,
			);
			name = LaunchScreen.storyboard;
			sourceTree = "<group>";
		};
/* End PBXVariantGroup section */

/* Begin XCBuildConfiguration section */
		28FCE4071E92B22A00212B82 /* Debug */ = {
			isa = XCBuildConfiguration;
			buildSettings = {
				ALWAYS_SEARCH_USER_PATHS = NO;
				CLANG_ANALYZER_NONNULL = YES;
				CLANG_ANALYZER_NUMBER_OBJECT_CONVERSION = YES_AGGRESSIVE;
				CLANG_CXX_LANGUAGE_STANDARD = "gnu++0x";
				CLANG_CXX_LIBRARY = "libc++";
				CLANG_ENABLE_MODULES = YES;
				CLANG_ENABLE_OBJC_ARC = YES;
				CLANG_WARN_BOOL_CONVERSION = YES;
				CLANG_WARN_CONSTANT_CONVERSION = YES;
				CLANG_WARN_DIRECT_OBJC_ISA_USAGE = YES_ERROR;
				CLANG_WARN_DOCUMENTATION_COMMENTS = YES;
				CLANG_WARN_EMPTY_BODY = YES;
				CLANG_WARN_ENUM_CONVERSION = YES;
				CLANG_WARN_INFINITE_RECURSION = YES;
				CLANG_WARN_INT_CONVERSION = YES;
				CLANG_WARN_OBJC_ROOT_CLASS = YES_ERROR;
				CLANG_WARN_SUSPICIOUS_MOVE = YES;
				CLANG_WARN_UNREACHABLE_CODE = YES;
				CLANG_WARN__DUPLICATE_METHOD_MATCH = YES;
				"CODE_SIGN_IDENTITY[sdk=iphoneos*]" = "iPhone Developer";
				COPY_PHASE_STRIP = NO;
				DEBUG_INFORMATION_FORMAT = dwarf;
				ENABLE_STRICT_OBJC_MSGSEND = YES;
				ENABLE_TESTABILITY = YES;
				GCC_C_LANGUAGE_STANDARD = gnu99;
				GCC_DYNAMIC_NO_PIC = NO;
				GCC_NO_COMMON_BLOCKS = YES;
				GCC_OPTIMIZATION_LEVEL = 0;
				GCC_PREPROCESSOR_DEFINITIONS = (
					"DEBUG=1",
					"$(inherited)",
				);
				GCC_WARN_64_TO_32_BIT_CONVERSION = YES;
				GCC_WARN_ABOUT_RETURN_TYPE = YES_ERROR;
				GCC_WARN_UNDECLARED_SELECTOR = YES;
				GCC_WARN_UNINITIALIZED_AUTOS = YES_AGGRESSIVE;
				GCC_WARN_UNUSED_FUNCTION = YES;
				GCC_WARN_UNUSED_VARIABLE = YES;
				IPHONEOS_DEPLOYMENT_TARGET = 10.3;
				MTL_ENABLE_DEBUG_INFO = YES;
				ONLY_ACTIVE_ARCH = YES;
				SDKROOT = iphoneos;
				SWIFT_ACTIVE_COMPILATION_CONDITIONS = DEBUG;
				SWIFT_OPTIMIZATION_LEVEL = "-Onone";
				TARGETED_DEVICE_FAMILY = "1,2";
			};
			name = Debug;
		};
		28FCE4081E92B22A00212B82 /* Release */ = {
			isa = XCBuildConfiguration;
			buildSettings = {
				ALWAYS_SEARCH_USER_PATHS = NO;
				CLANG_ANALYZER_NONNULL = YES;
				CLANG_ANALYZER_NUMBER_OBJECT_CONVERSION = YES_AGGRESSIVE;
				CLANG_CXX_LANGUAGE_STANDARD = "gnu++0x";
				CLANG_CXX_LIBRARY = "libc++";
				CLANG_ENABLE_MODULES = YES;
				CLANG_ENABLE_OBJC_ARC = YES;
				CLANG_WARN_BOOL_CONVERSION = YES;
				CLANG_WARN_CONSTANT_CONVERSION = YES;
				CLANG_WARN_DIRECT_OBJC_ISA_USAGE = YES_ERROR;
				CLANG_WARN_DOCUMENTATION_COMMENTS = YES;
				CLANG_WARN_EMPTY_BODY = YES;
				CLANG_WARN_ENUM_CONVERSION = YES;
				CLANG_WARN_INFINITE_RECURSION = YES;
				CLANG_WARN_INT_CONVERSION = YES;
				CLANG_WARN_OBJC_ROOT_CLASS = YES_ERROR;
				CLANG_WARN_SUSPICIOUS_MOVE = YES;
				CLANG_WARN_UNREACHABLE_CODE = YES;
				CLANG_WARN__DUPLICATE_METHOD_MATCH = YES;
				"CODE_SIGN_IDENTITY[sdk=iphoneos*]" = "iPhone Developer";
				COPY_PHASE_STRIP = NO;
				DEBUG_INFORMATION_FORMAT = "dwarf-with-dsym";
				ENABLE_NS_ASSERTIONS = NO;
				ENABLE_STRICT_OBJC_MSGSEND = YES;
				GCC_C_LANGUAGE_STANDARD = gnu99;
				GCC_NO_COMMON_BLOCKS = YES;
				GCC_WARN_64_TO_32_BIT_CONVERSION = YES;
				GCC_WARN_ABOUT_RETURN_TYPE = YES_ERROR;
				GCC_WARN_UNDECLARED_SELECTOR = YES;
				GCC_WARN_UNINITIALIZED_AUTOS = YES_AGGRESSIVE;
				GCC_WARN_UNUSED_FUNCTION = YES;
				GCC_WARN_UNUSED_VARIABLE = YES;
				IPHONEOS_DEPLOYMENT_TARGET = 10.3;
				MTL_ENABLE_DEBUG_INFO = NO;
				SDKROOT = iphoneos;
				SWIFT_OPTIMIZATION_LEVEL = "-Owholemodule";
				TARGETED_DEVICE_FAMILY = "1,2";
				VALIDATE_PRODUCT = YES;
			};
			name = Release;
		};
		28FCE40A1E92B22A00212B82 /* Debug */ = {
			isa = XCBuildConfiguration;
			buildSettings = {
				ASSETCATALOG_COMPILER_APPICON_NAME = AppIcon;
				DEVELOPMENT_TEAM = 5EB567WJ73;
				INFOPLIST_FILE = get_git/Info.plist;
				LD_RUNPATH_SEARCH_PATHS = "$(inherited) @executable_path/Frameworks";
				PRODUCT_BUNDLE_IDENTIFIER = "Jay-Balderas.get-git";
				PRODUCT_NAME = "$(TARGET_NAME)";
				SWIFT_VERSION = 3.0;
			};
			name = Debug;
		};
		28FCE40B1E92B22A00212B82 /* Release */ = {
			isa = XCBuildConfiguration;
			buildSettings = {
				ASSETCATALOG_COMPILER_APPICON_NAME = AppIcon;
				DEVELOPMENT_TEAM = 5EB567WJ73;
				INFOPLIST_FILE = get_git/Info.plist;
				LD_RUNPATH_SEARCH_PATHS = "$(inherited) @executable_path/Frameworks";
				PRODUCT_BUNDLE_IDENTIFIER = "Jay-Balderas.get-git";
				PRODUCT_NAME = "$(TARGET_NAME)";
				SWIFT_VERSION = 3.0;
			};
			name = Release;
		};
		28FCE40D1E92B22A00212B82 /* Debug */ = {
			isa = XCBuildConfiguration;
			buildSettings = {
				ALWAYS_EMBED_SWIFT_STANDARD_LIBRARIES = YES;
				BUNDLE_LOADER = "$(TEST_HOST)";
				DEVELOPMENT_TEAM = 5EB567WJ73;
				INFOPLIST_FILE = get_gitTests/Info.plist;
				LD_RUNPATH_SEARCH_PATHS = "$(inherited) @executable_path/Frameworks @loader_path/Frameworks";
				PRODUCT_BUNDLE_IDENTIFIER = "Jay-Balderas.get-gitTests";
				PRODUCT_NAME = "$(TARGET_NAME)";
				SWIFT_VERSION = 3.0;
				TEST_HOST = "$(BUILT_PRODUCTS_DIR)/get_git.app/get_git";
			};
			name = Debug;
		};
		28FCE40E1E92B22A00212B82 /* Release */ = {
			isa = XCBuildConfiguration;
			buildSettings = {
				ALWAYS_EMBED_SWIFT_STANDARD_LIBRARIES = YES;
				BUNDLE_LOADER = "$(TEST_HOST)";
				DEVELOPMENT_TEAM = 5EB567WJ73;
				INFOPLIST_FILE = get_gitTests/Info.plist;
				LD_RUNPATH_SEARCH_PATHS = "$(inherited) @executable_path/Frameworks @loader_path/Frameworks";
				PRODUCT_BUNDLE_IDENTIFIER = "Jay-Balderas.get-gitTests";
				PRODUCT_NAME = "$(TARGET_NAME)";
				SWIFT_VERSION = 3.0;
				TEST_HOST = "$(BUILT_PRODUCTS_DIR)/get_git.app/get_git";
			};
			name = Release;
		};
		28FCE4101E92B22A00212B82 /* Debug */ = {
			isa = XCBuildConfiguration;
			buildSettings = {
				ALWAYS_EMBED_SWIFT_STANDARD_LIBRARIES = YES;
				DEVELOPMENT_TEAM = 5EB567WJ73;
				INFOPLIST_FILE = get_gitUITests/Info.plist;
				LD_RUNPATH_SEARCH_PATHS = "$(inherited) @executable_path/Frameworks @loader_path/Frameworks";
				PRODUCT_BUNDLE_IDENTIFIER = "Jay-Balderas.get-gitUITests";
				PRODUCT_NAME = "$(TARGET_NAME)";
				SWIFT_VERSION = 3.0;
				TEST_TARGET_NAME = get_git;
			};
			name = Debug;
		};
		28FCE4111E92B22A00212B82 /* Release */ = {
			isa = XCBuildConfiguration;
			buildSettings = {
				ALWAYS_EMBED_SWIFT_STANDARD_LIBRARIES = YES;
				DEVELOPMENT_TEAM = 5EB567WJ73;
				INFOPLIST_FILE = get_gitUITests/Info.plist;
				LD_RUNPATH_SEARCH_PATHS = "$(inherited) @executable_path/Frameworks @loader_path/Frameworks";
				PRODUCT_BUNDLE_IDENTIFIER = "Jay-Balderas.get-gitUITests";
				PRODUCT_NAME = "$(TARGET_NAME)";
				SWIFT_VERSION = 3.0;
				TEST_TARGET_NAME = get_git;
			};
			name = Release;
		};
/* End XCBuildConfiguration section */

/* Begin XCConfigurationList section */
		28FCE3DC1E92B22A00212B82 /* Build configuration list for PBXProject "get_git" */ = {
			isa = XCConfigurationList;
			buildConfigurations = (
				28FCE4071E92B22A00212B82 /* Debug */,
				28FCE4081E92B22A00212B82 /* Release */,
			);
			defaultConfigurationIsVisible = 0;
			defaultConfigurationName = Release;
		};
		28FCE4091E92B22A00212B82 /* Build configuration list for PBXNativeTarget "get_git" */ = {
			isa = XCConfigurationList;
			buildConfigurations = (
				28FCE40A1E92B22A00212B82 /* Debug */,
				28FCE40B1E92B22A00212B82 /* Release */,
			);
			defaultConfigurationIsVisible = 0;
			defaultConfigurationName = Release;
		};
		28FCE40C1E92B22A00212B82 /* Build configuration list for PBXNativeTarget "get_gitTests" */ = {
			isa = XCConfigurationList;
			buildConfigurations = (
				28FCE40D1E92B22A00212B82 /* Debug */,
				28FCE40E1E92B22A00212B82 /* Release */,
			);
			defaultConfigurationIsVisible = 0;
			defaultConfigurationName = Release;
		};
		28FCE40F1E92B22A00212B82 /* Build configuration list for PBXNativeTarget "get_gitUITests" */ = {
			isa = XCConfigurationList;
			buildConfigurations = (
				28FCE4101E92B22A00212B82 /* Debug */,
				28FCE4111E92B22A00212B82 /* Release */,
			);
			defaultConfigurationIsVisible = 0;
			defaultConfigurationName = Release;
		};
/* End XCConfigurationList section */
	};
	rootObject = 28FCE3D91E92B22A00212B82 /* Project object */;
}
